
Microsoft Visual Studio Solution File, Format Version 12.00
# Visual Studio Version 16
VisualStudioVersion = 16.0.31424.327
MinimumVisualStudioVersion = 10.0.40219.1
Project("{FAE04EC0-301F-11D3-BF4B-00C04F79EFBC}") = "MasterDetail", "MasterDetail\MasterDetail.csproj", "{27C4E88C-8ABA-4712-AB26-0354B11E73A3}"
EndProject
Project("{FAE04EC0-301F-11D3-BF4B-00C04F79EFBC}") = "MasterDetail.Implement", "MasterDetail.Implement\MasterDetail.Implement.csproj", "{3B3FD326-FC0F-4DA2-8B57-58B508FCF0CD}"
EndProject
Project("{FAE04EC0-301F-11D3-BF4B-00C04F79EFBC}") = "MasterDetail.Model", "MasterDetail.Model\MasterDetail.Model.csproj", "{66EEC29D-7984-4A51-82AF-624F01C30D98}"
EndProject
Global
	GlobalSection(SolutionConfigurationPlatforms) = preSolution
		Debug|Any CPU = Debug|Any CPU
		Release|Any CPU = Release|Any CPU
	EndGlobalSection
	GlobalSection(ProjectConfigurationPlatforms) = postSolution
		{27C4E88C-8ABA-4712-AB26-0354B11E73A3}.Debug|Any CPU.ActiveCfg = Debug|Any CPU
		{27C4E88C-8ABA-4712-AB26-0354B11E73A3}.Debug|Any CPU.Build.0 = Debug|Any CPU
		{27C4E88C-8ABA-4712-AB26-0354B11E73A3}.Release|Any CPU.ActiveCfg = Release|Any CPU
		{27C4E88C-8ABA-4712-AB26-0354B11E73A3}.Release|Any CPU.Build.0 = Release|Any CPU
		{3B3FD326-FC0F-4DA2-8B57-58B508FCF0CD}.Debug|Any CPU.ActiveCfg = Debug|Any CPU
		{3B3FD326-FC0F-4DA2-8B57-58B508FCF0CD}.Debug|Any CPU.Build.0 = Debug|Any CPU
		{3B3FD326-FC0F-4DA2-8B57-58B508FCF0CD}.Release|Any CPU.ActiveCfg = Release|Any CPU
		{3B3FD326-FC0F-4DA2-8B57-58B508FCF0CD}.Release|Any CPU.Build.0 = Release|Any CPU
		{66EEC29D-7984-4A51-82AF-624F01C30D98}.Debug|Any CPU.ActiveCfg = Debug|Any CPU
		{66EEC29D-7984-4A51-82AF-624F01C30D98}.Debug|Any CPU.Build.0 = Debug|Any CPU
		{66EEC29D-7984-4A51-82AF-624F01C30D98}.Release|Any CPU.ActiveCfg = Release|Any CPU
		{66EEC29D-7984-4A51-82AF-624F01C30D98}.Release|Any CPU.Build.0 = Release|Any CPU
	EndGlobalSection
	GlobalSection(SolutionProperties) = preSolution
		HideSolutionNode = FALSE
	EndGlobalSection
	GlobalSection(ExtensibilityGlobals) = postSolution
		SolutionGuid = {8D97A4E1-7E37-4A17-863D-1E2CFB533FC0}
	EndGlobalSection
EndGlobal
